
Microsoft Visual Studio Solution File, Format Version 12.00
# Visual Studio Version 16
VisualStudioVersion = 16.0.30204.135
MinimumVisualStudioVersion = 10.0.40219.1
Project("{FAE04EC0-301F-11D3-BF4B-00C04F79EFBC}") = "Server", "Server\Server.csproj", "{FA93E190-4684-4A3E-92F4-7353F00AD707}"
EndProject
Project("{FAE04EC0-301F-11D3-BF4B-00C04F79EFBC}") = "Client", "Client\Client.csproj", "{3780D1BA-2366-46A4-A1FD-3ED567F44018}"
EndProject
Global
	GlobalSection(SolutionConfigurationPlatforms) = preSolution
		Debug|Any CPU = Debug|Any CPU
		Release|Any CPU = Release|Any CPU
	EndGlobalSection
	GlobalSection(ProjectConfigurationPlatforms) = postSolution
		{FA93E190-4684-4A3E-92F4-7353F00AD707}.Debug|Any CPU.ActiveCfg = Debug|Any CPU
		{FA93E190-4684-4A3E-92F4-7353F00AD707}.Debug|Any CPU.Build.0 = Debug|Any CPU
		{FA93E190-4684-4A3E-92F4-7353F00AD707}.Release|Any CPU.ActiveCfg = Release|Any CPU
		{FA93E190-4684-4A3E-92F4-7353F00AD707}.Release|Any CPU.Build.0 = Release|Any CPU
		{3780D1BA-2366-46A4-A1FD-3ED567F44018}.Debug|Any CPU.ActiveCfg = Debug|Any CPU
		{3780D1BA-2366-46A4-A1FD-3ED567F44018}.Debug|Any CPU.Build.0 = Debug|Any CPU
		{3780D1BA-2366-46A4-A1FD-3ED567F44018}.Release|Any CPU.ActiveCfg = Release|Any CPU
		{3780D1BA-2366-46A4-A1FD-3ED567F44018}.Release|Any CPU.Build.0 = Release|Any CPU
	EndGlobalSection
	GlobalSection(SolutionProperties) = preSolution
		HideSolutionNode = FALSE
	EndGlobalSection
	GlobalSection(ExtensibilityGlobals) = postSolution
		SolutionGuid = {658128EB-159F-4846-A46E-432024383DE3}
	EndGlobalSection
EndGlobal
